
Microsoft Visual Studio Solution File, Format Version 12.00
# Visual Studio Version 16
VisualStudioVersion = 16.0.32228.343
MinimumVisualStudioVersion = 10.0.40219.1
Project("{FAE04EC0-301F-11D3-BF4B-00C04F79EFBC}") = "bai kiem tra 2", "bai kiem tra 2\bai kiem tra 2.csproj", "{4D957E59-FD98-4224-99AA-0572EBD9D75E}"
EndProject
Global
	GlobalSection(SolutionConfigurationPlatforms) = preSolution
		Debug|Any CPU = Debug|Any CPU
		Release|Any CPU = Release|Any CPU
	EndGlobalSection
	GlobalSection(ProjectConfigurationPlatforms) = postSolution
		{4D957E59-FD98-4224-99AA-0572EBD9D75E}.Debug|Any CPU.ActiveCfg = Debug|Any CPU
		{4D957E59-FD98-4224-99AA-0572EBD9D75E}.Debug|Any CPU.Build.0 = Debug|Any CPU
		{4D957E59-FD98-4224-99AA-0572EBD9D75E}.Release|Any CPU.ActiveCfg = Release|Any CPU
		{4D957E59-FD98-4224-99AA-0572EBD9D75E}.Release|Any CPU.Build.0 = Release|Any CPU
	EndGlobalSection
	GlobalSection(SolutionProperties) = preSolution
		HideSolutionNode = FALSE
	EndGlobalSection
	GlobalSection(ExtensibilityGlobals) = postSolution
		SolutionGuid = {C02730CB-C0D7-40C1-A44C-97BD4347AA9D}
	EndGlobalSection
EndGlobal
